// !$*UTF8*$!
{
	archiveVersion = 1;
	classes = {
	};
	objectVersion = 46;
	objects = {

/* Begin PBXBuildFile section */
		351F0A881C58DF7F0053E363 /* AppDelegate.swift in Sources */ = {isa = PBXBuildFile; fileRef = 351F0A871C58DF7F0053E363 /* AppDelegate.swift */; };
		351F0A8A1C58DF7F0053E363 /* ViewController.swift in Sources */ = {isa = PBXBuildFile; fileRef = 351F0A891C58DF7F0053E363 /* ViewController.swift */; };
		351F0A8D1C58DF7F0053E363 /* Main.storyboard in Resources */ = {isa = PBXBuildFile; fileRef = 351F0A8B1C58DF7F0053E363 /* Main.storyboard */; };
		351F0A8F1C58DF7F0053E363 /* Assets.xcassets in Resources */ = {isa = PBXBuildFile; fileRef = 351F0A8E1C58DF7F0053E363 /* Assets.xcassets */; };
		351F0A921C58DF7F0053E363 /* LaunchScreen.storyboard in Resources */ = {isa = PBXBuildFile; fileRef = 351F0A901C58DF7F0053E363 /* LaunchScreen.storyboard */; };
/* End PBXBuildFile section */

/* Begin PBXFileReference section */
		351F0A841C58DF7F0053E363 /* testTVGuide.app */ = {isa = PBXFileReference; explicitFileType = wrapper.application; includeInIndex = 0; path = testTVGuide.app; sourceTree = BUILT_PRODUCTS_DIR; };
		351F0A871C58DF7F0053E363 /* AppDelegate.swift */ = {isa = PBXFileReference; lastKnownFileType = sourcecode.swift; path = AppDelegate.swift; sourceTree = "<group>"; };
		351F0A891C58DF7F0053E363 /* ViewController.swift */ = {isa = PBXFileReference; lastKnownFileType = sourcecode.swift; path = ViewController.swift; sourceTree = "<group>"; };
		351F0A8C1C58DF7F0053E363 /* Base */ = {isa = PBXFileReference; lastKnownFileType = file.storyboard; name = Base; path = Base.lproj/Main.storyboard; sourceTree = "<group>"; };
		351F0A8E1C58DF7F0053E363 /* Assets.xcassets */ = {isa = PBXFileReference; lastKnownFileType = folder.assetcatalog; path = Assets.xcassets; sourceTree = "<group>"; };
		351F0A911C58DF7F0053E363 /* Base */ = {isa = PBXFileReference; lastKnownFileType = file.storyboard; name = Base; path = Base.lproj/LaunchScreen.storyboard; sourceTree = "<group>"; };
		351F0A931C58DF7F0053E363 /* Info.plist */ = {isa = PBXFileReference; lastKnownFileType = text.plist.xml; path = Info.plist; sourceTree = "<group>"; };
/* End PBXFileReference section */

/* Begin PBXFrameworksBuildPhase section */
		351F0A811C58DF7F0053E363 /* Frameworks */ = {
			isa = PBXFrameworksBuildPhase;
			buildActionMask = 2147483647;
			files = (
			);
			runOnlyForDeploymentPostprocessing = 0;
		};
/* End PBXFrameworksBuildPhase section */

/* Begin PBXGroup section */
		351F0A7B1C58DF7F0053E363 = {
			isa = PBXGroup;
			children = (
				351F0A861C58DF7F0053E363 /* testTVGuide */,
				351F0A851C58DF7F0053E363 /* Products */,
			);
			sourceTree = "<group>";
		};
		351F0A851C58DF7F0053E363 /* Products */ = {
			isa = PBXGroup;
			children = (
				351F0A841C58DF7F0053E363 /* testTVGuide.app */,
			);
			name = Products;
			sourceTree = "<group>";
		};
		351F0A861C58DF7F0053E363 /* testTVGuide */ = {
			isa = PBXGroup;
			children = (
				351F0A871C58DF7F0053E363 /* AppDelegate.swift */,
				351F0A891C58DF7F0053E363 /* ViewController.swift */,
				351F0A8B1C58DF7F0053E363 /* Main.storyboard */,
				351F0A8E1C58DF7F0053E363 /* Assets.xcassets */,
				351F0A901C58DF7F0053E363 /* LaunchScreen.storyboard */,
				351F0A931C58DF7F0053E363 /* Info.plist */,
			);
			path = testTVGuide;
			sourceTree = "<group>";
		};
/* End PBXGroup section */

/* Begin PBXNativeTarget section */
		351F0A831C58DF7F0053E363 /* testTVGuide */ = {
			isa = PBXNativeTarget;
			buildConfigurationList = 351F0A961C58DF7F0053E363 /* Build configuration list for PBXNativeTarget "testTVGuide" */;
			buildPhases = (
				351F0A801C58DF7F0053E363 /* Sources */,
				351F0A811C58DF7F0053E363 /* Frameworks */,
				351F0A821C58DF7F0053E363 /* Resources */,
			);
			buildRules = (
			);
			dependencies = (
			);
			name = testTVGuide;
			productName = testTVGuide;
			productReference = 351F0A841C58DF7F0053E363 /* testTVGuide.app */;
			productType = "com.apple.product-type.application";
		};
/* End PBXNativeTarget section */

/* Begin PBXProject section */
		351F0A7C1C58DF7F0053E363 /* Project object */ = {
			isa = PBXProject;
			attributes = {
				LastSwiftUpdateCheck = 0720;
				LastUpgradeCheck = 0720;
				ORGANIZATIONNAME = Wussypants;
				TargetAttributes = {
					351F0A831C58DF7F0053E363 = {
						CreatedOnToolsVersion = 7.2;
					};
				};
			};
			buildConfigurationList = 351F0A7F1C58DF7F0053E363 /* Build configuration list for PBXProject "testTVGuide" */;
			compatibilityVersion = "Xcode 3.2";
			developmentRegion = English;
			hasScannedForEncodings = 0;
			knownRegions = (
				en,
				Base,
			);
			mainGroup = 351F0A7B1C58DF7F0053E363;
			productRefGroup = 351F0A851C58DF7F0053E363 /* Products */;
			projectDirPath = "";
			projectRoot = "";
			targets = (
				351F0A831C58DF7F0053E363 /* testTVGuide */,
			);
		};
/* End PBXProject section */

/* Begin PBXResourcesBuildPhase section */
		351F0A821C58DF7F0053E363 /* Resources */ = {
			isa = PBXResourcesBuildPhase;
			buildActionMask = 2147483647;
			files = (
				351F0A921C58DF7F0053E363 /* LaunchScreen.storyboard in Resources */,
				351F0A8F1C58DF7F0053E363 /* Assets.xcassets in Resources */,
				351F0A8D1C58DF7F0053E363 /* Main.storyboard in Resources */,
			);
			runOnlyForDeploymentPostprocessing = 0;
		};
/* End PBXResourcesBuildPhase section */

/* Begin PBXSourcesBuildPhase section */
		351F0A801C58DF7F0053E363 /* Sources */ = {
			isa = PBXSourcesBuildPhase;
			buildActionMask = 2147483647;
			files = (
				351F0A8A1C58DF7F0053E363 /* ViewController.swift in Sources */,
				351F0A881C58DF7F0053E363 /* AppDelegate.swift in Sources */,
			);
			runOnlyForDeploymentPostprocessing = 0;
		};
/* End PBXSourcesBuildPhase section */

/* Begin PBXVariantGroup section */
		351F0A8B1C58DF7F0053E363 /* Main.storyboard */ = {
			isa = PBXVariantGroup;
			children = (
				351F0A8C1C58DF7F0053E363 /* Base */,
			);
			name = Main.storyboard;
			sourceTree = "<group>";
		};
		351F0A901C58DF7F0053E363 /* LaunchScreen.storyboard */ = {
			isa = PBXVariantGroup;
			children = (
				351F0A911C58DF7F0053E363 /* Base */,
			);
			name = LaunchScreen.storyboard;
			sourceTree = "<group>";
		};
/* End PBXVariantGroup section */

/* Begin XCBuildConfiguration section */
		351F0A941C58DF7F0053E363 /* Debug */ = {
			isa = XCBuildConfiguration;
			buildSettings = {
				ALWAYS_SEARCH_USER_PATHS = NO;
				CLANG_CXX_LANGUAGE_STANDARD = "gnu++0x";
				CLANG_CXX_LIBRARY = "libc++";
				CLANG_ENABLE_MODULES = YES;
				CLANG_ENABLE_OBJC_ARC = YES;
				CLANG_WARN_BOOL_CONVERSION = YES;
				CLANG_WARN_CONSTANT_CONVERSION = YES;
				CLANG_WARN_DIRECT_OBJC_ISA_USAGE = YES_ERROR;
				CLANG_WARN_EMPTY_BODY = YES;
				CLANG_WARN_ENUM_CONVERSION = YES;
				CLANG_WARN_INT_CONVERSION = YES;
				CLANG_WARN_OBJC_ROOT_CLASS = YES_ERROR;
				CLANG_WARN_UNREACHABLE_CODE = YES;
				CLANG_WARN__DUPLICATE_METHOD_MATCH = YES;
				"CODE_SIGN_IDENTITY[sdk=iphoneos*]" = "iPhone Developer";
				COPY_PHASE_STRIP = NO;
				DEBUG_INFORMATION_FORMAT = dwarf;
				ENABLE_STRICT_OBJC_MSGSEND = YES;
				ENABLE_TESTABILITY = YES;
				GCC_C_LANGUAGE_STANDARD = gnu99;
				GCC_DYNAMIC_NO_PIC = NO;
				GCC_NO_COMMON_BLOCKS = YES;
				GCC_OPTIMIZATION_LEVEL = 0;
				GCC_PREPROCESSOR_DEFINITIONS = (
					"DEBUG=1",
					"$(inherited)",
				);
				GCC_WARN_64_TO_32_BIT_CONVERSION = YES;
				GCC_WARN_ABOUT_RETURN_TYPE = YES_ERROR;
				GCC_WARN_UNDECLARED_SELECTOR = YES;
				GCC_WARN_UNINITIALIZED_AUTOS = YES_AGGRESSIVE;
				GCC_WARN_UNUSED_FUNCTION = YES;
				GCC_WARN_UNUSED_VARIABLE = YES;
				IPHONEOS_DEPLOYMENT_TARGET = 9.2;
				MTL_ENABLE_DEBUG_INFO = YES;
				ONLY_ACTIVE_ARCH = YES;
				SDKROOT = iphoneos;
				SWIFT_OPTIMIZATION_LEVEL = "-Onone";
				TARGETED_DEVICE_FAMILY = "1,2";
			};
			name = Debug;
		};
		351F0A951C58DF7F0053E363 /* Release */ = {
			isa = XCBuildConfiguration;
			buildSettings = {
				ALWAYS_SEARCH_USER_PATHS = NO;
				CLANG_CXX_LANGUAGE_STANDARD = "gnu++0x";
				CLANG_CXX_LIBRARY = "libc++";
				CLANG_ENABLE_MODULES = YES;
				CLANG_ENABLE_OBJC_ARC = YES;
				CLANG_WARN_BOOL_CONVERSION = YES;
				CLANG_WARN_CONSTANT_CONVERSION = YES;
				CLANG_WARN_DIRECT_OBJC_ISA_USAGE = YES_ERROR;
				CLANG_WARN_EMPTY_BODY = YES;
				CLANG_WARN_ENUM_CONVERSION = YES;
				CLANG_WARN_INT_CONVERSION = YES;
				CLANG_WARN_OBJC_ROOT_CLASS = YES_ERROR;
				CLANG_WARN_UNREACHABLE_CODE = YES;
				CLANG_WARN__DUPLICATE_METHOD_MATCH = YES;
				"CODE_SIGN_IDENTITY[sdk=iphoneos*]" = "iPhone Developer";
				COPY_PHASE_STRIP = NO;
				DEBUG_INFORMATION_FORMAT = "dwarf-with-dsym";
				ENABLE_NS_ASSERTIONS = NO;
				ENABLE_STRICT_OBJC_MSGSEND = YES;
				GCC_C_LANGUAGE_STANDARD = gnu99;
				GCC_NO_COMMON_BLOCKS = YES;
				GCC_WARN_64_TO_32_BIT_CONVERSION = YES;
				GCC_WARN_ABOUT_RETURN_TYPE = YES_ERROR;
				GCC_WARN_UNDECLARED_SELECTOR = YES;
				GCC_WARN_UNINITIALIZED_AUTOS = YES_AGGRESSIVE;
				GCC_WARN_UNUSED_FUNCTION = YES;
				GCC_WARN_UNUSED_VARIABLE = YES;
				IPHONEOS_DEPLOYMENT_TARGET = 9.2;
				MTL_ENABLE_DEBUG_INFO = NO;
				SDKROOT = iphoneos;
				TARGETED_DEVICE_FAMILY = "1,2";
				VALIDATE_PRODUCT = YES;
			};
			name = Release;
		};
		351F0A971C58DF7F0053E363 /* Debug */ = {
			isa = XCBuildConfiguration;
			buildSettings = {
				ASSETCATALOG_COMPILER_APPICON_NAME = AppIcon;
				INFOPLIST_FILE = testTVGuide/Info.plist;
				LD_RUNPATH_SEARCH_PATHS = "$(inherited) @executable_path/Frameworks";
				PRODUCT_BUNDLE_IDENTIFIER = com.Wussypants.testTVGuide;
				PRODUCT_NAME = "$(TARGET_NAME)";
			};
			name = Debug;
		};
		351F0A981C58DF7F0053E363 /* Release */ = {
			isa = XCBuildConfiguration;
			buildSettings = {
				ASSETCATALOG_COMPILER_APPICON_NAME = AppIcon;
				INFOPLIST_FILE = testTVGuide/Info.plist;
				LD_RUNPATH_SEARCH_PATHS = "$(inherited) @executable_path/Frameworks";
				PRODUCT_BUNDLE_IDENTIFIER = com.Wussypants.testTVGuide;
				PRODUCT_NAME = "$(TARGET_NAME)";
			};
			name = Release;
		};
/* End XCBuildConfiguration section */

/* Begin XCConfigurationList section */
		351F0A7F1C58DF7F0053E363 /* Build configuration list for PBXProject "testTVGuide" */ = {
			isa = XCConfigurationList;
			buildConfigurations = (
				351F0A941C58DF7F0053E363 /* Debug */,
				351F0A951C58DF7F0053E363 /* Release */,
			);
			defaultConfigurationIsVisible = 0;
			defaultConfigurationName = Release;
		};
		351F0A961C58DF7F0053E363 /* Build configuration list for PBXNativeTarget "testTVGuide" */ = {
			isa = XCConfigurationList;
			buildConfigurations = (
				351F0A971C58DF7F0053E363 /* Debug */,
				351F0A981C58DF7F0053E363 /* Release */,
			);
			defaultConfigurationIsVisible = 0;
		};
/* End XCConfigurationList section */
	};
	rootObject = 351F0A7C1C58DF7F0053E363 /* Project object */;
}
